
Microsoft Visual Studio Solution File, Format Version 12.00
# Visual Studio Version 16
VisualStudioVersion = 16.0.29709.97
MinimumVisualStudioVersion = 10.0.40219.1
Project("{FAE04EC0-301F-11D3-BF4B-00C04F79EFBC}") = "linqProblems", "linqProblems\linqProblems.csproj", "{465AF265-3961-4DF4-98EF-16BC6292EDCF}"
EndProject
Global
	GlobalSection(SolutionConfigurationPlatforms) = preSolution
		Debug|Any CPU = Debug|Any CPU
		Release|Any CPU = Release|Any CPU
	EndGlobalSection
	GlobalSection(ProjectConfigurationPlatforms) = postSolution
		{465AF265-3961-4DF4-98EF-16BC6292EDCF}.Debug|Any CPU.ActiveCfg = Debug|Any CPU
		{465AF265-3961-4DF4-98EF-16BC6292EDCF}.Debug|Any CPU.Build.0 = Debug|Any CPU
		{465AF265-3961-4DF4-98EF-16BC6292EDCF}.Release|Any CPU.ActiveCfg = Release|Any CPU
		{465AF265-3961-4DF4-98EF-16BC6292EDCF}.Release|Any CPU.Build.0 = Release|Any CPU
	EndGlobalSection
	GlobalSection(SolutionProperties) = preSolution
		HideSolutionNode = FALSE
	EndGlobalSection
	GlobalSection(ExtensibilityGlobals) = postSolution
		SolutionGuid = {F4D53998-A25C-48A1-A09B-DF539FBF2531}
	EndGlobalSection
EndGlobal
